
Microsoft Visual Studio Solution File, Format Version 12.00
# Visual Studio Version 17
VisualStudioVersion = 17.11.35222.181
MinimumVisualStudioVersion = 10.0.40219.1
Project("{8BC9CEB8-8B4A-11D0-8D11-00A0C91BC942}") = "Game Project", "Game Project\Game Project.vcxproj", "{CB94F59D-20F5-45A7-BEB1-E63B3C28395A}"
	ProjectSection(ProjectDependencies) = postProject
		{F5BAFD06-38B7-4DC7-A13C-12508036BD0E} = {F5BAFD06-38B7-4DC7-A13C-12508036BD0E}
	EndProjectSection
EndProject
Project("{8BC9CEB8-8B4A-11D0-8D11-00A0C91BC942}") = "Engine Project", "Engine Project\Engine Project.vcxproj", "{F5BAFD06-38B7-4DC7-A13C-12508036BD0E}"
EndProject
Global
	GlobalSection(SolutionConfigurationPlatforms) = preSolution
		Debug|x64 = Debug|x64
		Debug|x86 = Debug|x86
		Release|x64 = Release|x64
		Release|x86 = Release|x86
	EndGlobalSection
	GlobalSection(ProjectConfigurationPlatforms) = postSolution
		{CB94F59D-20F5-45A7-BEB1-E63B3C28395A}.Debug|x64.ActiveCfg = Debug|x64
		{CB94F59D-20F5-45A7-BEB1-E63B3C28395A}.Debug|x64.Build.0 = Debug|x64
		{CB94F59D-20F5-45A7-BEB1-E63B3C28395A}.Debug|x86.ActiveCfg = Debug|Win32
		{CB94F59D-20F5-45A7-BEB1-E63B3C28395A}.Debug|x86.Build.0 = Debug|Win32
		{CB94F59D-20F5-45A7-BEB1-E63B3C28395A}.Release|x64.ActiveCfg = Release|x64
		{CB94F59D-20F5-45A7-BEB1-E63B3C28395A}.Release|x64.Build.0 = Release|x64
		{CB94F59D-20F5-45A7-BEB1-E63B3C28395A}.Release|x86.ActiveCfg = Release|Win32
		{CB94F59D-20F5-45A7-BEB1-E63B3C28395A}.Release|x86.Build.0 = Release|Win32
		{F5BAFD06-38B7-4DC7-A13C-12508036BD0E}.Debug|x64.ActiveCfg = Debug|x64
		{F5BAFD06-38B7-4DC7-A13C-12508036BD0E}.Debug|x64.Build.0 = Debug|x64
		{F5BAFD06-38B7-4DC7-A13C-12508036BD0E}.Debug|x86.ActiveCfg = Debug|Win32
		{F5BAFD06-38B7-4DC7-A13C-12508036BD0E}.Debug|x86.Build.0 = Debug|Win32
		{F5BAFD06-38B7-4DC7-A13C-12508036BD0E}.Release|x64.ActiveCfg = Release|x64
		{F5BAFD06-38B7-4DC7-A13C-12508036BD0E}.Release|x64.Build.0 = Release|x64
		{F5BAFD06-38B7-4DC7-A13C-12508036BD0E}.Release|x86.ActiveCfg = Release|Win32
		{F5BAFD06-38B7-4DC7-A13C-12508036BD0E}.Release|x86.Build.0 = Release|Win32
	EndGlobalSection
	GlobalSection(SolutionProperties) = preSolution
		HideSolutionNode = FALSE
	EndGlobalSection
	GlobalSection(ExtensibilityGlobals) = postSolution
		SolutionGuid = {FBE846D0-CE97-4C49-B51D-F23E9885FF33}
	EndGlobalSection
EndGlobal
